
Microsoft Visual Studio Solution File, Format Version 12.00
# Visual Studio Version 17
VisualStudioVersion = 17.0.31903.59
MinimumVisualStudioVersion = 10.0.40219.1
Project("{FAE04EC0-301F-11D3-BF4B-00C04F79EFBC}") = "TodoApp.Data", "TodoApp.Data\TodoApp.Data.csproj", "{C158152F-9708-4109-977B-61AD806F0E24}"
EndProject
Project("{FAE04EC0-301F-11D3-BF4B-00C04F79EFBC}") = "TodoApp.Business", "TodoApp.Business\TodoApp.Business.csproj", "{8B60D85B-7120-492B-93A0-B4E7B06659C2}"
EndProject
Project("{FAE04EC0-301F-11D3-BF4B-00C04F79EFBC}") = "TodoApp.Web", "TodoApp.Web\TodoApp.Web.csproj", "{58BEEC6A-8448-4F74-B052-11718AFDCF23}"
EndProject
Global
	GlobalSection(SolutionConfigurationPlatforms) = preSolution
		Debug|Any CPU = Debug|Any CPU
		Debug|x64 = Debug|x64
		Debug|x86 = Debug|x86
		Release|Any CPU = Release|Any CPU
		Release|x64 = Release|x64
		Release|x86 = Release|x86
	EndGlobalSection
	GlobalSection(ProjectConfigurationPlatforms) = postSolution
		{C158152F-9708-4109-977B-61AD806F0E24}.Debug|Any CPU.ActiveCfg = Debug|Any CPU
		{C158152F-9708-4109-977B-61AD806F0E24}.Debug|Any CPU.Build.0 = Debug|Any CPU
		{C158152F-9708-4109-977B-61AD806F0E24}.Debug|x64.ActiveCfg = Debug|Any CPU
		{C158152F-9708-4109-977B-61AD806F0E24}.Debug|x64.Build.0 = Debug|Any CPU
		{C158152F-9708-4109-977B-61AD806F0E24}.Debug|x86.ActiveCfg = Debug|Any CPU
		{C158152F-9708-4109-977B-61AD806F0E24}.Debug|x86.Build.0 = Debug|Any CPU
		{C158152F-9708-4109-977B-61AD806F0E24}.Release|Any CPU.ActiveCfg = Release|Any CPU
		{C158152F-9708-4109-977B-61AD806F0E24}.Release|Any CPU.Build.0 = Release|Any CPU
		{C158152F-9708-4109-977B-61AD806F0E24}.Release|x64.ActiveCfg = Release|Any CPU
		{C158152F-9708-4109-977B-61AD806F0E24}.Release|x64.Build.0 = Release|Any CPU
		{C158152F-9708-4109-977B-61AD806F0E24}.Release|x86.ActiveCfg = Release|Any CPU
		{C158152F-9708-4109-977B-61AD806F0E24}.Release|x86.Build.0 = Release|Any CPU
		{8B60D85B-7120-492B-93A0-B4E7B06659C2}.Debug|Any CPU.ActiveCfg = Debug|Any CPU
		{8B60D85B-7120-492B-93A0-B4E7B06659C2}.Debug|Any CPU.Build.0 = Debug|Any CPU
		{8B60D85B-7120-492B-93A0-B4E7B06659C2}.Debug|x64.ActiveCfg = Debug|Any CPU
		{8B60D85B-7120-492B-93A0-B4E7B06659C2}.Debug|x64.Build.0 = Debug|Any CPU
		{8B60D85B-7120-492B-93A0-B4E7B06659C2}.Debug|x86.ActiveCfg = Debug|Any CPU
		{8B60D85B-7120-492B-93A0-B4E7B06659C2}.Debug|x86.Build.0 = Debug|Any CPU
		{8B60D85B-7120-492B-93A0-B4E7B06659C2}.Release|Any CPU.ActiveCfg = Release|Any CPU
		{8B60D85B-7120-492B-93A0-B4E7B06659C2}.Release|Any CPU.Build.0 = Release|Any CPU
		{8B60D85B-7120-492B-93A0-B4E7B06659C2}.Release|x64.ActiveCfg = Release|Any CPU
		{8B60D85B-7120-492B-93A0-B4E7B06659C2}.Release|x64.Build.0 = Release|Any CPU
		{8B60D85B-7120-492B-93A0-B4E7B06659C2}.Release|x86.ActiveCfg = Release|Any CPU
		{8B60D85B-7120-492B-93A0-B4E7B06659C2}.Release|x86.Build.0 = Release|Any CPU
		{58BEEC6A-8448-4F74-B052-11718AFDCF23}.Debug|Any CPU.ActiveCfg = Debug|Any CPU
		{58BEEC6A-8448-4F74-B052-11718AFDCF23}.Debug|Any CPU.Build.0 = Debug|Any CPU
		{58BEEC6A-8448-4F74-B052-11718AFDCF23}.Debug|x64.ActiveCfg = Debug|Any CPU
		{58BEEC6A-8448-4F74-B052-11718AFDCF23}.Debug|x64.Build.0 = Debug|Any CPU
		{58BEEC6A-8448-4F74-B052-11718AFDCF23}.Debug|x86.ActiveCfg = Debug|Any CPU
		{58BEEC6A-8448-4F74-B052-11718AFDCF23}.Debug|x86.Build.0 = Debug|Any CPU
		{58BEEC6A-8448-4F74-B052-11718AFDCF23}.Release|Any CPU.ActiveCfg = Release|Any CPU
		{58BEEC6A-8448-4F74-B052-11718AFDCF23}.Release|Any CPU.Build.0 = Release|Any CPU
		{58BEEC6A-8448-4F74-B052-11718AFDCF23}.Release|x64.ActiveCfg = Release|Any CPU
		{58BEEC6A-8448-4F74-B052-11718AFDCF23}.Release|x64.Build.0 = Release|Any CPU
		{58BEEC6A-8448-4F74-B052-11718AFDCF23}.Release|x86.ActiveCfg = Release|Any CPU
		{58BEEC6A-8448-4F74-B052-11718AFDCF23}.Release|x86.Build.0 = Release|Any CPU
	EndGlobalSection
	GlobalSection(SolutionProperties) = preSolution
		HideSolutionNode = FALSE
	EndGlobalSection
EndGlobal
